// !$*UTF8*$!
{
	archiveVersion = 1;
	classes = {
	};
	objectVersion = 51;
	objects = {

/* Begin PBXBuildFile section */
		426388612656454F00884AE7 /* AppDelegate.swift in Sources */ = {isa = PBXBuildFile; fileRef = 426388602656454F00884AE7 /* AppDelegate.swift */; };
		426388632656454F00884AE7 /* SceneDelegate.swift in Sources */ = {isa = PBXBuildFile; fileRef = 426388622656454F00884AE7 /* SceneDelegate.swift */; };
		426388652656454F00884AE7 /* ViewController.swift in Sources */ = {isa = PBXBuildFile; fileRef = 426388642656454F00884AE7 /* ViewController.swift */; };
		426388682656454F00884AE7 /* Main.storyboard in Resources */ = {isa = PBXBuildFile; fileRef = 426388662656454F00884AE7 /* Main.storyboard */; };
		4263886A2656455100884AE7 /* Assets.xcassets in Resources */ = {isa = PBXBuildFile; fileRef = 426388692656455100884AE7 /* Assets.xcassets */; };
		4263886D2656455100884AE7 /* LaunchScreen.storyboard in Resources */ = {isa = PBXBuildFile; fileRef = 4263886B2656455100884AE7 /* LaunchScreen.storyboard */; };
		42638875265645A700884AE7 /* GoogleService-Info.plist in Resources */ = {isa = PBXBuildFile; fileRef = 42638874265645A700884AE7 /* GoogleService-Info.plist */; };
		4263887726564D9700884AE7 /* SnapTableView.swift in Sources */ = {isa = PBXBuildFile; fileRef = 4263887626564D9700884AE7 /* SnapTableView.swift */; };
		4263887926564DDD00884AE7 /* FirebaseService.swift in Sources */ = {isa = PBXBuildFile; fileRef = 4263887826564DDD00884AE7 /* FirebaseService.swift */; };
		4263887B265651CB00884AE7 /* Updatable.swift in Sources */ = {isa = PBXBuildFile; fileRef = 4263887A265651CB00884AE7 /* Updatable.swift */; };
		426388822656549000884AE7 /* Snap.swift in Sources */ = {isa = PBXBuildFile; fileRef = 426388812656549000884AE7 /* Snap.swift */; };
		426388842657985900884AE7 /* MyImagePicker.swift in Sources */ = {isa = PBXBuildFile; fileRef = 426388832657985900884AE7 /* MyImagePicker.swift */; };
		426388862657E59100884AE7 /* SnapDetail.swift in Sources */ = {isa = PBXBuildFile; fileRef = 426388852657E59100884AE7 /* SnapDetail.swift */; };
		5D60EEDFCAA91CB0B75EC0BF /* Pods_SnapApp.framework in Frameworks */ = {isa = PBXBuildFile; fileRef = A187F6728E81A073A08CE886 /* Pods_SnapApp.framework */; };
/* End PBXBuildFile section */

/* Begin PBXFileReference section */
		4263885D2656454F00884AE7 /* SnapApp.app */ = {isa = PBXFileReference; explicitFileType = wrapper.application; includeInIndex = 0; path = SnapApp.app; sourceTree = BUILT_PRODUCTS_DIR; };
		426388602656454F00884AE7 /* AppDelegate.swift */ = {isa = PBXFileReference; lastKnownFileType = sourcecode.swift; path = AppDelegate.swift; sourceTree = "<group>"; };
		426388622656454F00884AE7 /* SceneDelegate.swift */ = {isa = PBXFileReference; lastKnownFileType = sourcecode.swift; path = SceneDelegate.swift; sourceTree = "<group>"; };
		426388642656454F00884AE7 /* ViewController.swift */ = {isa = PBXFileReference; lastKnownFileType = sourcecode.swift; path = ViewController.swift; sourceTree = "<group>"; };
		426388672656454F00884AE7 /* Base */ = {isa = PBXFileReference; lastKnownFileType = file.storyboard; name = Base; path = Base.lproj/Main.storyboard; sourceTree = "<group>"; };
		426388692656455100884AE7 /* Assets.xcassets */ = {isa = PBXFileReference; lastKnownFileType = folder.assetcatalog; path = Assets.xcassets; sourceTree = "<group>"; };
		4263886C2656455100884AE7 /* Base */ = {isa = PBXFileReference; lastKnownFileType = file.storyboard; name = Base; path = Base.lproj/LaunchScreen.storyboard; sourceTree = "<group>"; };
		4263886E2656455100884AE7 /* Info.plist */ = {isa = PBXFileReference; lastKnownFileType = text.plist.xml; path = Info.plist; sourceTree = "<group>"; };
		42638874265645A700884AE7 /* GoogleService-Info.plist */ = {isa = PBXFileReference; fileEncoding = 4; lastKnownFileType = text.plist.xml; path = "GoogleService-Info.plist"; sourceTree = "<group>"; };
		4263887626564D9700884AE7 /* SnapTableView.swift */ = {isa = PBXFileReference; lastKnownFileType = sourcecode.swift; path = SnapTableView.swift; sourceTree = "<group>"; };
		4263887826564DDD00884AE7 /* FirebaseService.swift */ = {isa = PBXFileReference; lastKnownFileType = sourcecode.swift; path = FirebaseService.swift; sourceTree = "<group>"; };
		4263887A265651CB00884AE7 /* Updatable.swift */ = {isa = PBXFileReference; lastKnownFileType = sourcecode.swift; path = Updatable.swift; sourceTree = "<group>"; };
		426388812656549000884AE7 /* Snap.swift */ = {isa = PBXFileReference; lastKnownFileType = sourcecode.swift; path = Snap.swift; sourceTree = "<group>"; };
		426388832657985900884AE7 /* MyImagePicker.swift */ = {isa = PBXFileReference; lastKnownFileType = sourcecode.swift; path = MyImagePicker.swift; sourceTree = "<group>"; };
		426388852657E59100884AE7 /* SnapDetail.swift */ = {isa = PBXFileReference; lastKnownFileType = sourcecode.swift; path = SnapDetail.swift; sourceTree = "<group>"; };
		83F5BEB0C5C6F055BC732435 /* Pods-SnapApp.release.xcconfig */ = {isa = PBXFileReference; includeInIndex = 1; lastKnownFileType = text.xcconfig; name = "Pods-SnapApp.release.xcconfig"; path = "Target Support Files/Pods-SnapApp/Pods-SnapApp.release.xcconfig"; sourceTree = "<group>"; };
		A187F6728E81A073A08CE886 /* Pods_SnapApp.framework */ = {isa = PBXFileReference; explicitFileType = wrapper.framework; includeInIndex = 0; path = Pods_SnapApp.framework; sourceTree = BUILT_PRODUCTS_DIR; };
		EEEC418E44DE8CEF27BE4DC9 /* Pods-SnapApp.debug.xcconfig */ = {isa = PBXFileReference; includeInIndex = 1; lastKnownFileType = text.xcconfig; name = "Pods-SnapApp.debug.xcconfig"; path = "Target Support Files/Pods-SnapApp/Pods-SnapApp.debug.xcconfig"; sourceTree = "<group>"; };
/* End PBXFileReference section */

/* Begin PBXFrameworksBuildPhase section */
		4263885A2656454F00884AE7 /* Frameworks */ = {
			isa = PBXFrameworksBuildPhase;
			buildActionMask = 2147483647;
			files = (
				5D60EEDFCAA91CB0B75EC0BF /* Pods_SnapApp.framework in Frameworks */,
			);
			runOnlyForDeploymentPostprocessing = 0;
		};
/* End PBXFrameworksBuildPhase section */

/* Begin PBXGroup section */
		426388542656454F00884AE7 = {
			isa = PBXGroup;
			children = (
				4263885F2656454F00884AE7 /* SnapApp */,
				4263885E2656454F00884AE7 /* Products */,
				FA2BB016C8B1EFC6D78D438B /* Pods */,
				E55CDD1420A14D6484C5FD8F /* Frameworks */,
			);
			sourceTree = "<group>";
		};
		4263885E2656454F00884AE7 /* Products */ = {
			isa = PBXGroup;
			children = (
				4263885D2656454F00884AE7 /* SnapApp.app */,
			);
			name = Products;
			sourceTree = "<group>";
		};
		4263885F2656454F00884AE7 /* SnapApp */ = {
			isa = PBXGroup;
			children = (
				4263887C2656538900884AE7 /* Controllers */,
				4263888726592D1800884AE7 /* Repository */,
				42638880265653D200884AE7 /* SupportFiles */,
				4263887F265653CA00884AE7 /* Models */,
			);
			path = SnapApp;
			sourceTree = "<group>";
		};
		4263887C2656538900884AE7 /* Controllers */ = {
			isa = PBXGroup;
			children = (
				426388642656454F00884AE7 /* ViewController.swift */,
				426388852657E59100884AE7 /* SnapDetail.swift */,
				426388832657985900884AE7 /* MyImagePicker.swift */,
			);
			path = Controllers;
			sourceTree = "<group>";
		};
		4263887F265653CA00884AE7 /* Models */ = {
			isa = PBXGroup;
			children = (
				426388812656549000884AE7 /* Snap.swift */,
			);
			path = Models;
			sourceTree = "<group>";
		};
		42638880265653D200884AE7 /* SupportFiles */ = {
			isa = PBXGroup;
			children = (
				426388662656454F00884AE7 /* Main.storyboard */,
				4263887626564D9700884AE7 /* SnapTableView.swift */,
				4263887A265651CB00884AE7 /* Updatable.swift */,
				426388602656454F00884AE7 /* AppDelegate.swift */,
				426388622656454F00884AE7 /* SceneDelegate.swift */,
				4263886B2656455100884AE7 /* LaunchScreen.storyboard */,
				426388692656455100884AE7 /* Assets.xcassets */,
				4263886E2656455100884AE7 /* Info.plist */,
				42638874265645A700884AE7 /* GoogleService-Info.plist */,
			);
			path = SupportFiles;
			sourceTree = "<group>";
		};
		4263888726592D1800884AE7 /* Repository */ = {
			isa = PBXGroup;
			children = (
				4263887826564DDD00884AE7 /* FirebaseService.swift */,
			);
			path = Repository;
			sourceTree = "<group>";
		};
		E55CDD1420A14D6484C5FD8F /* Frameworks */ = {
			isa = PBXGroup;
			children = (
				A187F6728E81A073A08CE886 /* Pods_SnapApp.framework */,
			);
			name = Frameworks;
			sourceTree = "<group>";
		};
		FA2BB016C8B1EFC6D78D438B /* Pods */ = {
			isa = PBXGroup;
			children = (
				EEEC418E44DE8CEF27BE4DC9 /* Pods-SnapApp.debug.xcconfig */,
				83F5BEB0C5C6F055BC732435 /* Pods-SnapApp.release.xcconfig */,
			);
			path = Pods;
			sourceTree = "<group>";
		};
/* End PBXGroup section */

/* Begin PBXNativeTarget section */
		4263885C2656454F00884AE7 /* SnapApp */ = {
			isa = PBXNativeTarget;
			buildConfigurationList = 426388712656455100884AE7 /* Build configuration list for PBXNativeTarget "SnapApp" */;
			buildPhases = (
				9DFEA2453E1592C94DAD091D /* [CP] Check Pods Manifest.lock */,
				426388592656454F00884AE7 /* Sources */,
				4263885A2656454F00884AE7 /* Frameworks */,
				4263885B2656454F00884AE7 /* Resources */,
				CEF919C4B154B6554E8A6C0B /* [CP] Embed Pods Frameworks */,
			);
			buildRules = (
			);
			dependencies = (
			);
			name = SnapApp;
			productName = SnapApp;
			productReference = 4263885D2656454F00884AE7 /* SnapApp.app */;
			productType = "com.apple.product-type.application";
		};
/* End PBXNativeTarget section */

/* Begin PBXProject section */
		426388552656454F00884AE7 /* Project object */ = {
			isa = PBXProject;
			attributes = {
				LastSwiftUpdateCheck = 1250;
				LastUpgradeCheck = 1250;
				TargetAttributes = {
					4263885C2656454F00884AE7 = {
						CreatedOnToolsVersion = 12.5;
					};
				};
			};
			buildConfigurationList = 426388582656454F00884AE7 /* Build configuration list for PBXProject "SnapApp" */;
			compatibilityVersion = "Xcode 9.3";
			developmentRegion = en;
			hasScannedForEncodings = 0;
			knownRegions = (
				en,
				Base,
			);
			mainGroup = 426388542656454F00884AE7;
			productRefGroup = 4263885E2656454F00884AE7 /* Products */;
			projectDirPath = "";
			projectRoot = "";
			targets = (
				4263885C2656454F00884AE7 /* SnapApp */,
			);
		};
/* End PBXProject section */

/* Begin PBXResourcesBuildPhase section */
		4263885B2656454F00884AE7 /* Resources */ = {
			isa = PBXResourcesBuildPhase;
			buildActionMask = 2147483647;
			files = (
				4263886D2656455100884AE7 /* LaunchScreen.storyboard in Resources */,
				42638875265645A700884AE7 /* GoogleService-Info.plist in Resources */,
				4263886A2656455100884AE7 /* Assets.xcassets in Resources */,
				426388682656454F00884AE7 /* Main.storyboard in Resources */,
			);
			runOnlyForDeploymentPostprocessing = 0;
		};
/* End PBXResourcesBuildPhase section */

/* Begin PBXShellScriptBuildPhase section */
		9DFEA2453E1592C94DAD091D /* [CP] Check Pods Manifest.lock */ = {
			isa = PBXShellScriptBuildPhase;
			buildActionMask = 2147483647;
			files = (
			);
			inputFileListPaths = (
			);
			inputPaths = (
				"${PODS_PODFILE_DIR_PATH}/Podfile.lock",
				"${PODS_ROOT}/Manifest.lock",
			);
			name = "[CP] Check Pods Manifest.lock";
			outputFileListPaths = (
			);
			outputPaths = (
				"$(DERIVED_FILE_DIR)/Pods-SnapApp-checkManifestLockResult.txt",
			);
			runOnlyForDeploymentPostprocessing = 0;
			shellPath = /bin/sh;
			shellScript = "diff \"${PODS_PODFILE_DIR_PATH}/Podfile.lock\" \"${PODS_ROOT}/Manifest.lock\" > /dev/null\nif [ $? != 0 ] ; then\n    # print error to STDERR\n    echo \"error: The sandbox is not in sync with the Podfile.lock. Run 'pod install' or update your CocoaPods installation.\" >&2\n    exit 1\nfi\n# This output is used by Xcode 'outputs' to avoid re-running this script phase.\necho \"SUCCESS\" > \"${SCRIPT_OUTPUT_FILE_0}\"\n";
			showEnvVarsInLog = 0;
		};
		CEF919C4B154B6554E8A6C0B /* [CP] Embed Pods Frameworks */ = {
			isa = PBXShellScriptBuildPhase;
			buildActionMask = 2147483647;
			files = (
			);
			inputFileListPaths = (
				"${PODS_ROOT}/Target Support Files/Pods-SnapApp/Pods-SnapApp-frameworks-${CONFIGURATION}-input-files.xcfilelist",
			);
			name = "[CP] Embed Pods Frameworks";
			outputFileListPaths = (
				"${PODS_ROOT}/Target Support Files/Pods-SnapApp/Pods-SnapApp-frameworks-${CONFIGURATION}-output-files.xcfilelist",
			);
			runOnlyForDeploymentPostprocessing = 0;
			shellPath = /bin/sh;
			shellScript = "\"${PODS_ROOT}/Target Support Files/Pods-SnapApp/Pods-SnapApp-frameworks.sh\"\n";
			showEnvVarsInLog = 0;
		};
/* End PBXShellScriptBuildPhase section */

/* Begin PBXSourcesBuildPhase section */
		426388592656454F00884AE7 /* Sources */ = {
			isa = PBXSourcesBuildPhase;
			buildActionMask = 2147483647;
			files = (
				4263887B265651CB00884AE7 /* Updatable.swift in Sources */,
				426388652656454F00884AE7 /* ViewController.swift in Sources */,
				4263887926564DDD00884AE7 /* FirebaseService.swift in Sources */,
				426388612656454F00884AE7 /* AppDelegate.swift in Sources */,
				426388822656549000884AE7 /* Snap.swift in Sources */,
				426388842657985900884AE7 /* MyImagePicker.swift in Sources */,
				426388632656454F00884AE7 /* SceneDelegate.swift in Sources */,
				4263887726564D9700884AE7 /* SnapTableView.swift in Sources */,
				426388862657E59100884AE7 /* SnapDetail.swift in Sources */,
			);
			runOnlyForDeploymentPostprocessing = 0;
		};
/* End PBXSourcesBuildPhase section */

/* Begin PBXVariantGroup section */
		426388662656454F00884AE7 /* Main.storyboard */ = {
			isa = PBXVariantGroup;
			children = (
				426388672656454F00884AE7 /* Base */,
			);
			name = Main.storyboard;
			sourceTree = "<group>";
		};
		4263886B2656455100884AE7 /* LaunchScreen.storyboard */ = {
			isa = PBXVariantGroup;
			children = (
				4263886C2656455100884AE7 /* Base */,
			);
			name = LaunchScreen.storyboard;
			sourceTree = "<group>";
		};
/* End PBXVariantGroup section */

/* Begin XCBuildConfiguration section */
		4263886F2656455100884AE7 /* Debug */ = {
			isa = XCBuildConfiguration;
			buildSettings = {
				ALWAYS_SEARCH_USER_PATHS = NO;
				CLANG_ANALYZER_NONNULL = YES;
				CLANG_ANALYZER_NUMBER_OBJECT_CONVERSION = YES_AGGRESSIVE;
				CLANG_CXX_LANGUAGE_STANDARD = "gnu++14";
				CLANG_CXX_LIBRARY = "libc++";
				CLANG_ENABLE_MODULES = YES;
				CLANG_ENABLE_OBJC_ARC = YES;
				CLANG_ENABLE_OBJC_WEAK = YES;
				CLANG_WARN_BLOCK_CAPTURE_AUTORELEASING = YES;
				CLANG_WARN_BOOL_CONVERSION = YES;
				CLANG_WARN_COMMA = YES;
				CLANG_WARN_CONSTANT_CONVERSION = YES;
				CLANG_WARN_DEPRECATED_OBJC_IMPLEMENTATIONS = YES;
				CLANG_WARN_DIRECT_OBJC_ISA_USAGE = YES_ERROR;
				CLANG_WARN_DOCUMENTATION_COMMENTS = YES;
				CLANG_WARN_EMPTY_BODY = YES;
				CLANG_WARN_ENUM_CONVERSION = YES;
				CLANG_WARN_INFINITE_RECURSION = YES;
				CLANG_WARN_INT_CONVERSION = YES;
				CLANG_WARN_NON_LITERAL_NULL_CONVERSION = YES;
				CLANG_WARN_OBJC_IMPLICIT_RETAIN_SELF = YES;
				CLANG_WARN_OBJC_LITERAL_CONVERSION = YES;
				CLANG_WARN_OBJC_ROOT_CLASS = YES_ERROR;
				CLANG_WARN_QUOTED_INCLUDE_IN_FRAMEWORK_HEADER = YES;
				CLANG_WARN_RANGE_LOOP_ANALYSIS = YES;
				CLANG_WARN_STRICT_PROTOTYPES = YES;
				CLANG_WARN_SUSPICIOUS_MOVE = YES;
				CLANG_WARN_UNGUARDED_AVAILABILITY = YES_AGGRESSIVE;
				CLANG_WARN_UNREACHABLE_CODE = YES;
				CLANG_WARN__DUPLICATE_METHOD_MATCH = YES;
				COPY_PHASE_STRIP = NO;
				DEBUG_INFORMATION_FORMAT = dwarf;
				ENABLE_STRICT_OBJC_MSGSEND = YES;
				ENABLE_TESTABILITY = YES;
				GCC_C_LANGUAGE_STANDARD = gnu11;
				GCC_DYNAMIC_NO_PIC = NO;
				GCC_NO_COMMON_BLOCKS = YES;
				GCC_OPTIMIZATION_LEVEL = 0;
				GCC_PREPROCESSOR_DEFINITIONS = (
					"DEBUG=1",
					"$(inherited)",
				);
				GCC_WARN_64_TO_32_BIT_CONVERSION = YES;
				GCC_WARN_ABOUT_RETURN_TYPE = YES_ERROR;
				GCC_WARN_UNDECLARED_SELECTOR = YES;
				GCC_WARN_UNINITIALIZED_AUTOS = YES_AGGRESSIVE;
				GCC_WARN_UNUSED_FUNCTION = YES;
				GCC_WARN_UNUSED_VARIABLE = YES;
				IPHONEOS_DEPLOYMENT_TARGET = 14.5;
				MTL_ENABLE_DEBUG_INFO = INCLUDE_SOURCE;
				MTL_FAST_MATH = YES;
				ONLY_ACTIVE_ARCH = YES;
				SDKROOT = iphoneos;
				SWIFT_ACTIVE_COMPILATION_CONDITIONS = DEBUG;
				SWIFT_OPTIMIZATION_LEVEL = "-Onone";
			};
			name = Debug;
		};
		426388702656455100884AE7 /* Release */ = {
			isa = XCBuildConfiguration;
			buildSettings = {
				ALWAYS_SEARCH_USER_PATHS = NO;
				CLANG_ANALYZER_NONNULL = YES;
				CLANG_ANALYZER_NUMBER_OBJECT_CONVERSION = YES_AGGRESSIVE;
				CLANG_CXX_LANGUAGE_STANDARD = "gnu++14";
				CLANG_CXX_LIBRARY = "libc++";
				CLANG_ENABLE_MODULES = YES;
				CLANG_ENABLE_OBJC_ARC = YES;
				CLANG_ENABLE_OBJC_WEAK = YES;
				CLANG_WARN_BLOCK_CAPTURE_AUTORELEASING = YES;
				CLANG_WARN_BOOL_CONVERSION = YES;
				CLANG_WARN_COMMA = YES;
				CLANG_WARN_CONSTANT_CONVERSION = YES;
				CLANG_WARN_DEPRECATED_OBJC_IMPLEMENTATIONS = YES;
				CLANG_WARN_DIRECT_OBJC_ISA_USAGE = YES_ERROR;
				CLANG_WARN_DOCUMENTATION_COMMENTS = YES;
				CLANG_WARN_EMPTY_BODY = YES;
				CLANG_WARN_ENUM_CONVERSION = YES;
				CLANG_WARN_INFINITE_RECURSION = YES;
				CLANG_WARN_INT_CONVERSION = YES;
				CLANG_WARN_NON_LITERAL_NULL_CONVERSION = YES;
				CLANG_WARN_OBJC_IMPLICIT_RETAIN_SELF = YES;
				CLANG_WARN_OBJC_LITERAL_CONVERSION = YES;
				CLANG_WARN_OBJC_ROOT_CLASS = YES_ERROR;
				CLANG_WARN_QUOTED_INCLUDE_IN_FRAMEWORK_HEADER = YES;
				CLANG_WARN_RANGE_LOOP_ANALYSIS = YES;
				CLANG_WARN_STRICT_PROTOTYPES = YES;
				CLANG_WARN_SUSPICIOUS_MOVE = YES;
				CLANG_WARN_UNGUARDED_AVAILABILITY = YES_AGGRESSIVE;
				CLANG_WARN_UNREACHABLE_CODE = YES;
				CLANG_WARN__DUPLICATE_METHOD_MATCH = YES;
				COPY_PHASE_STRIP = NO;
				DEBUG_INFORMATION_FORMAT = "dwarf-with-dsym";
				ENABLE_NS_ASSERTIONS = NO;
				ENABLE_STRICT_OBJC_MSGSEND = YES;
				GCC_C_LANGUAGE_STANDARD = gnu11;
				GCC_NO_COMMON_BLOCKS = YES;
				GCC_WARN_64_TO_32_BIT_CONVERSION = YES;
				GCC_WARN_ABOUT_RETURN_TYPE = YES_ERROR;
				GCC_WARN_UNDECLARED_SELECTOR = YES;
				GCC_WARN_UNINITIALIZED_AUTOS = YES_AGGRESSIVE;
				GCC_WARN_UNUSED_FUNCTION = YES;
				GCC_WARN_UNUSED_VARIABLE = YES;
				IPHONEOS_DEPLOYMENT_TARGET = 14.5;
				MTL_ENABLE_DEBUG_INFO = NO;
				MTL_FAST_MATH = YES;
				SDKROOT = iphoneos;
				SWIFT_COMPILATION_MODE = wholemodule;
				SWIFT_OPTIMIZATION_LEVEL = "-O";
				VALIDATE_PRODUCT = YES;
			};
			name = Release;
		};
		426388722656455100884AE7 /* Debug */ = {
			isa = XCBuildConfiguration;
			baseConfigurationReference = EEEC418E44DE8CEF27BE4DC9 /* Pods-SnapApp.debug.xcconfig */;
			buildSettings = {
				ASSETCATALOG_COMPILER_APPICON_NAME = AppIcon;
				ASSETCATALOG_COMPILER_GLOBAL_ACCENT_COLOR_NAME = AccentColor;
				CODE_SIGN_STYLE = Automatic;
				DEVELOPMENT_TEAM = 8H8Z2W3K9V;
				INFOPLIST_FILE = SnapApp/SupportFiles/Info.plist;
				LD_RUNPATH_SEARCH_PATHS = (
					"$(inherited)",
					"@executable_path/Frameworks",
				);
				PRODUCT_BUNDLE_IDENTIFIER = danielm.SnapApp;
				PRODUCT_NAME = "$(TARGET_NAME)";
				SWIFT_VERSION = 5.0;
				TARGETED_DEVICE_FAMILY = "1,2";
			};
			name = Debug;
		};
		426388732656455100884AE7 /* Release */ = {
			isa = XCBuildConfiguration;
			baseConfigurationReference = 83F5BEB0C5C6F055BC732435 /* Pods-SnapApp.release.xcconfig */;
			buildSettings = {
				ASSETCATALOG_COMPILER_APPICON_NAME = AppIcon;
				ASSETCATALOG_COMPILER_GLOBAL_ACCENT_COLOR_NAME = AccentColor;
				CODE_SIGN_STYLE = Automatic;
				DEVELOPMENT_TEAM = 8H8Z2W3K9V;
				INFOPLIST_FILE = SnapApp/SupportFiles/Info.plist;
				LD_RUNPATH_SEARCH_PATHS = (
					"$(inherited)",
					"@executable_path/Frameworks",
				);
				PRODUCT_BUNDLE_IDENTIFIER = danielm.SnapApp;
				PRODUCT_NAME = "$(TARGET_NAME)";
				SWIFT_VERSION = 5.0;
				TARGETED_DEVICE_FAMILY = "1,2";
			};
			name = Release;
		};
/* End XCBuildConfiguration section */

/* Begin XCConfigurationList section */
		426388582656454F00884AE7 /* Build configuration list for PBXProject "SnapApp" */ = {
			isa = XCConfigurationList;
			buildConfigurations = (
				4263886F2656455100884AE7 /* Debug */,
				426388702656455100884AE7 /* Release */,
			);
			defaultConfigurationIsVisible = 0;
			defaultConfigurationName = Release;
		};
		426388712656455100884AE7 /* Build configuration list for PBXNativeTarget "SnapApp" */ = {
			isa = XCConfigurationList;
			buildConfigurations = (
				426388722656455100884AE7 /* Debug */,
				426388732656455100884AE7 /* Release */,
			);
			defaultConfigurationIsVisible = 0;
			defaultConfigurationName = Release;
		};
/* End XCConfigurationList section */
	};
	rootObject = 426388552656454F00884AE7 /* Project object */;
}
